
Microsoft Visual Studio Solution File, Format Version 12.00
# Visual Studio Version 17
VisualStudioVersion = 17.9.34622.214
MinimumVisualStudioVersion = 10.0.40219.1
Project("{FAE04EC0-301F-11D3-BF4B-00C04F79EFBC}") = "OpenCraft.REST_Toolkit", "OpenCraft.REST_Toolkit\OpenCraft.REST_Toolkit.csproj", "{08B460C2-1185-468B-83BD-2C32B4493A70}"
EndProject
Project("{FAE04EC0-301F-11D3-BF4B-00C04F79EFBC}") = "OpenCraft.REST_Toolkit.Tests", "OpenCraft.REST_Toolkit.Tests\OpenCraft.REST_Toolkit.Tests.csproj", "{C25FE541-8A2E-4912-B424-8CCB1B7A1179}"
EndProject
Global
	GlobalSection(SolutionConfigurationPlatforms) = preSolution
		Debug|Any CPU = Debug|Any CPU
		Release|Any CPU = Release|Any CPU
	EndGlobalSection
	GlobalSection(ProjectConfigurationPlatforms) = postSolution
		{08B460C2-1185-468B-83BD-2C32B4493A70}.Debug|Any CPU.ActiveCfg = Debug|Any CPU
		{08B460C2-1185-468B-83BD-2C32B4493A70}.Debug|Any CPU.Build.0 = Debug|Any CPU
		{08B460C2-1185-468B-83BD-2C32B4493A70}.Release|Any CPU.ActiveCfg = Release|Any CPU
		{08B460C2-1185-468B-83BD-2C32B4493A70}.Release|Any CPU.Build.0 = Release|Any CPU
		{C25FE541-8A2E-4912-B424-8CCB1B7A1179}.Debug|Any CPU.ActiveCfg = Debug|Any CPU
		{C25FE541-8A2E-4912-B424-8CCB1B7A1179}.Debug|Any CPU.Build.0 = Debug|Any CPU
		{C25FE541-8A2E-4912-B424-8CCB1B7A1179}.Release|Any CPU.ActiveCfg = Release|Any CPU
		{C25FE541-8A2E-4912-B424-8CCB1B7A1179}.Release|Any CPU.Build.0 = Release|Any CPU
	EndGlobalSection
	GlobalSection(SolutionProperties) = preSolution
		HideSolutionNode = FALSE
	EndGlobalSection
	GlobalSection(ExtensibilityGlobals) = postSolution
		SolutionGuid = {A27800AC-A9AB-401C-82C1-FD21128D745A}
	EndGlobalSection
EndGlobal
